// !$*UTF8*$!
{
	archiveVersion = 1;
	classes = {
	};
	objectVersion = 50;
	objects = {

/* Begin PBXBuildFile section */
		74905BC123FA77F700706A9F /* AppDelegate.swift in Sources */ = {isa = PBXBuildFile; fileRef = 74905BC023FA77F700706A9F /* AppDelegate.swift */; };
		74905BC323FA77F700706A9F /* SceneDelegate.swift in Sources */ = {isa = PBXBuildFile; fileRef = 74905BC223FA77F700706A9F /* SceneDelegate.swift */; };
		74905BC523FA77F700706A9F /* ViewController.swift in Sources */ = {isa = PBXBuildFile; fileRef = 74905BC423FA77F700706A9F /* ViewController.swift */; };
		74905BC823FA77F700706A9F /* Main.storyboard in Resources */ = {isa = PBXBuildFile; fileRef = 74905BC623FA77F700706A9F /* Main.storyboard */; };
		74905BCA23FA77FA00706A9F /* Assets.xcassets in Resources */ = {isa = PBXBuildFile; fileRef = 74905BC923FA77FA00706A9F /* Assets.xcassets */; };
		74905BCD23FA77FA00706A9F /* LaunchScreen.storyboard in Resources */ = {isa = PBXBuildFile; fileRef = 74905BCB23FA77FA00706A9F /* LaunchScreen.storyboard */; };
		74905BD523FA782100706A9F /* RoundButton.swift in Sources */ = {isa = PBXBuildFile; fileRef = 74905BD423FA782100706A9F /* RoundButton.swift */; };
/* End PBXBuildFile section */

/* Begin PBXFileReference section */
		74905BBD23FA77F700706A9F /* Round Button Class.app */ = {isa = PBXFileReference; explicitFileType = wrapper.application; includeInIndex = 0; path = "Round Button Class.app"; sourceTree = BUILT_PRODUCTS_DIR; };
		74905BC023FA77F700706A9F /* AppDelegate.swift */ = {isa = PBXFileReference; lastKnownFileType = sourcecode.swift; path = AppDelegate.swift; sourceTree = "<group>"; };
		74905BC223FA77F700706A9F /* SceneDelegate.swift */ = {isa = PBXFileReference; lastKnownFileType = sourcecode.swift; path = SceneDelegate.swift; sourceTree = "<group>"; };
		74905BC423FA77F700706A9F /* ViewController.swift */ = {isa = PBXFileReference; lastKnownFileType = sourcecode.swift; path = ViewController.swift; sourceTree = "<group>"; };
		74905BC723FA77F700706A9F /* Base */ = {isa = PBXFileReference; lastKnownFileType = file.storyboard; name = Base; path = Base.lproj/Main.storyboard; sourceTree = "<group>"; };
		74905BC923FA77FA00706A9F /* Assets.xcassets */ = {isa = PBXFileReference; lastKnownFileType = folder.assetcatalog; path = Assets.xcassets; sourceTree = "<group>"; };
		74905BCC23FA77FA00706A9F /* Base */ = {isa = PBXFileReference; lastKnownFileType = file.storyboard; name = Base; path = Base.lproj/LaunchScreen.storyboard; sourceTree = "<group>"; };
		74905BCE23FA77FA00706A9F /* Info.plist */ = {isa = PBXFileReference; lastKnownFileType = text.plist.xml; path = Info.plist; sourceTree = "<group>"; };
		74905BD423FA782100706A9F /* RoundButton.swift */ = {isa = PBXFileReference; lastKnownFileType = sourcecode.swift; path = RoundButton.swift; sourceTree = "<group>"; };
/* End PBXFileReference section */

/* Begin PBXFrameworksBuildPhase section */
		74905BBA23FA77F700706A9F /* Frameworks */ = {
			isa = PBXFrameworksBuildPhase;
			buildActionMask = 2147483647;
			files = (
			);
			runOnlyForDeploymentPostprocessing = 0;
		};
/* End PBXFrameworksBuildPhase section */

/* Begin PBXGroup section */
		74905BB423FA77F700706A9F = {
			isa = PBXGroup;
			children = (
				74905BBF23FA77F700706A9F /* Round Button Class */,
				74905BBE23FA77F700706A9F /* Products */,
			);
			sourceTree = "<group>";
		};
		74905BBE23FA77F700706A9F /* Products */ = {
			isa = PBXGroup;
			children = (
				74905BBD23FA77F700706A9F /* Round Button Class.app */,
			);
			name = Products;
			sourceTree = "<group>";
		};
		74905BBF23FA77F700706A9F /* Round Button Class */ = {
			isa = PBXGroup;
			children = (
				74905BC023FA77F700706A9F /* AppDelegate.swift */,
				74905BC223FA77F700706A9F /* SceneDelegate.swift */,
				74905BC423FA77F700706A9F /* ViewController.swift */,
				74905BC623FA77F700706A9F /* Main.storyboard */,
				74905BC923FA77FA00706A9F /* Assets.xcassets */,
				74905BCB23FA77FA00706A9F /* LaunchScreen.storyboard */,
				74905BCE23FA77FA00706A9F /* Info.plist */,
				74905BD423FA782100706A9F /* RoundButton.swift */,
			);
			path = "Round Button Class";
			sourceTree = "<group>";
		};
/* End PBXGroup section */

/* Begin PBXNativeTarget section */
		74905BBC23FA77F700706A9F /* Round Button Class */ = {
			isa = PBXNativeTarget;
			buildConfigurationList = 74905BD123FA77FA00706A9F /* Build configuration list for PBXNativeTarget "Round Button Class" */;
			buildPhases = (
				74905BB923FA77F700706A9F /* Sources */,
				74905BBA23FA77F700706A9F /* Frameworks */,
				74905BBB23FA77F700706A9F /* Resources */,
			);
			buildRules = (
			);
			dependencies = (
			);
			name = "Round Button Class";
			productName = "Round Button Class";
			productReference = 74905BBD23FA77F700706A9F /* Round Button Class.app */;
			productType = "com.apple.product-type.application";
		};
/* End PBXNativeTarget section */

/* Begin PBXProject section */
		74905BB523FA77F700706A9F /* Project object */ = {
			isa = PBXProject;
			attributes = {
				LastSwiftUpdateCheck = 1130;
				LastUpgradeCheck = 1130;
				ORGANIZATIONNAME = "THANIKANTI VAMSI KRISHNA";
				TargetAttributes = {
					74905BBC23FA77F700706A9F = {
						CreatedOnToolsVersion = 11.3;
					};
				};
			};
			buildConfigurationList = 74905BB823FA77F700706A9F /* Build configuration list for PBXProject "Round Button Class" */;
			compatibilityVersion = "Xcode 9.3";
			developmentRegion = en;
			hasScannedForEncodings = 0;
			knownRegions = (
				en,
				Base,
			);
			mainGroup = 74905BB423FA77F700706A9F;
			productRefGroup = 74905BBE23FA77F700706A9F /* Products */;
			projectDirPath = "";
			projectRoot = "";
			targets = (
				74905BBC23FA77F700706A9F /* Round Button Class */,
			);
		};
/* End PBXProject section */

/* Begin PBXResourcesBuildPhase section */
		74905BBB23FA77F700706A9F /* Resources */ = {
			isa = PBXResourcesBuildPhase;
			buildActionMask = 2147483647;
			files = (
				74905BCD23FA77FA00706A9F /* LaunchScreen.storyboard in Resources */,
				74905BCA23FA77FA00706A9F /* Assets.xcassets in Resources */,
				74905BC823FA77F700706A9F /* Main.storyboard in Resources */,
			);
			runOnlyForDeploymentPostprocessing = 0;
		};
/* End PBXResourcesBuildPhase section */

/* Begin PBXSourcesBuildPhase section */
		74905BB923FA77F700706A9F /* Sources */ = {
			isa = PBXSourcesBuildPhase;
			buildActionMask = 2147483647;
			files = (
				74905BD523FA782100706A9F /* RoundButton.swift in Sources */,
				74905BC523FA77F700706A9F /* ViewController.swift in Sources */,
				74905BC123FA77F700706A9F /* AppDelegate.swift in Sources */,
				74905BC323FA77F700706A9F /* SceneDelegate.swift in Sources */,
			);
			runOnlyForDeploymentPostprocessing = 0;
		};
/* End PBXSourcesBuildPhase section */

/* Begin PBXVariantGroup section */
		74905BC623FA77F700706A9F /* Main.storyboard */ = {
			isa = PBXVariantGroup;
			children = (
				74905BC723FA77F700706A9F /* Base */,
			);
			name = Main.storyboard;
			sourceTree = "<group>";
		};
		74905BCB23FA77FA00706A9F /* LaunchScreen.storyboard */ = {
			isa = PBXVariantGroup;
			children = (
				74905BCC23FA77FA00706A9F /* Base */,
			);
			name = LaunchScreen.storyboard;
			sourceTree = "<group>";
		};
/* End PBXVariantGroup section */

/* Begin XCBuildConfiguration section */
		74905BCF23FA77FA00706A9F /* Debug */ = {
			isa = XCBuildConfiguration;
			buildSettings = {
				ALWAYS_SEARCH_USER_PATHS = NO;
				CLANG_ANALYZER_NONNULL = YES;
				CLANG_ANALYZER_NUMBER_OBJECT_CONVERSION = YES_AGGRESSIVE;
				CLANG_CXX_LANGUAGE_STANDARD = "gnu++14";
				CLANG_CXX_LIBRARY = "libc++";
				CLANG_ENABLE_MODULES = YES;
				CLANG_ENABLE_OBJC_ARC = YES;
				CLANG_ENABLE_OBJC_WEAK = YES;
				CLANG_WARN_BLOCK_CAPTURE_AUTORELEASING = YES;
				CLANG_WARN_BOOL_CONVERSION = YES;
				CLANG_WARN_COMMA = YES;
				CLANG_WARN_CONSTANT_CONVERSION = YES;
				CLANG_WARN_DEPRECATED_OBJC_IMPLEMENTATIONS = YES;
				CLANG_WARN_DIRECT_OBJC_ISA_USAGE = YES_ERROR;
				CLANG_WARN_DOCUMENTATION_COMMENTS = YES;
				CLANG_WARN_EMPTY_BODY = YES;
				CLANG_WARN_ENUM_CONVERSION = YES;
				CLANG_WARN_INFINITE_RECURSION = YES;
				CLANG_WARN_INT_CONVERSION = YES;
				CLANG_WARN_NON_LITERAL_NULL_CONVERSION = YES;
				CLANG_WARN_OBJC_IMPLICIT_RETAIN_SELF = YES;
				CLANG_WARN_OBJC_LITERAL_CONVERSION = YES;
				CLANG_WARN_OBJC_ROOT_CLASS = YES_ERROR;
				CLANG_WARN_RANGE_LOOP_ANALYSIS = YES;
				CLANG_WARN_STRICT_PROTOTYPES = YES;
				CLANG_WARN_SUSPICIOUS_MOVE = YES;
				CLANG_WARN_UNGUARDED_AVAILABILITY = YES_AGGRESSIVE;
				CLANG_WARN_UNREACHABLE_CODE = YES;
				CLANG_WARN__DUPLICATE_METHOD_MATCH = YES;
				COPY_PHASE_STRIP = NO;
				DEBUG_INFORMATION_FORMAT = dwarf;
				ENABLE_STRICT_OBJC_MSGSEND = YES;
				ENABLE_TESTABILITY = YES;
				GCC_C_LANGUAGE_STANDARD = gnu11;
				GCC_DYNAMIC_NO_PIC = NO;
				GCC_NO_COMMON_BLOCKS = YES;
				GCC_OPTIMIZATION_LEVEL = 0;
				GCC_PREPROCESSOR_DEFINITIONS = (
					"DEBUG=1",
					"$(inherited)",
				);
				GCC_WARN_64_TO_32_BIT_CONVERSION = YES;
				GCC_WARN_ABOUT_RETURN_TYPE = YES_ERROR;
				GCC_WARN_UNDECLARED_SELECTOR = YES;
				GCC_WARN_UNINITIALIZED_AUTOS = YES_AGGRESSIVE;
				GCC_WARN_UNUSED_FUNCTION = YES;
				GCC_WARN_UNUSED_VARIABLE = YES;
				IPHONEOS_DEPLOYMENT_TARGET = 13.2;
				MTL_ENABLE_DEBUG_INFO = INCLUDE_SOURCE;
				MTL_FAST_MATH = YES;
				ONLY_ACTIVE_ARCH = YES;
				SDKROOT = iphoneos;
				SWIFT_ACTIVE_COMPILATION_CONDITIONS = DEBUG;
				SWIFT_OPTIMIZATION_LEVEL = "-Onone";
			};
			name = Debug;
		};
		74905BD023FA77FA00706A9F /* Release */ = {
			isa = XCBuildConfiguration;
			buildSettings = {
				ALWAYS_SEARCH_USER_PATHS = NO;
				CLANG_ANALYZER_NONNULL = YES;
				CLANG_ANALYZER_NUMBER_OBJECT_CONVERSION = YES_AGGRESSIVE;
				CLANG_CXX_LANGUAGE_STANDARD = "gnu++14";
				CLANG_CXX_LIBRARY = "libc++";
				CLANG_ENABLE_MODULES = YES;
				CLANG_ENABLE_OBJC_ARC = YES;
				CLANG_ENABLE_OBJC_WEAK = YES;
				CLANG_WARN_BLOCK_CAPTURE_AUTORELEASING = YES;
				CLANG_WARN_BOOL_CONVERSION = YES;
				CLANG_WARN_COMMA = YES;
				CLANG_WARN_CONSTANT_CONVERSION = YES;
				CLANG_WARN_DEPRECATED_OBJC_IMPLEMENTATIONS = YES;
				CLANG_WARN_DIRECT_OBJC_ISA_USAGE = YES_ERROR;
				CLANG_WARN_DOCUMENTATION_COMMENTS = YES;
				CLANG_WARN_EMPTY_BODY = YES;
				CLANG_WARN_ENUM_CONVERSION = YES;
				CLANG_WARN_INFINITE_RECURSION = YES;
				CLANG_WARN_INT_CONVERSION = YES;
				CLANG_WARN_NON_LITERAL_NULL_CONVERSION = YES;
				CLANG_WARN_OBJC_IMPLICIT_RETAIN_SELF = YES;
				CLANG_WARN_OBJC_LITERAL_CONVERSION = YES;
				CLANG_WARN_OBJC_ROOT_CLASS = YES_ERROR;
				CLANG_WARN_RANGE_LOOP_ANALYSIS = YES;
				CLANG_WARN_STRICT_PROTOTYPES = YES;
				CLANG_WARN_SUSPICIOUS_MOVE = YES;
				CLANG_WARN_UNGUARDED_AVAILABILITY = YES_AGGRESSIVE;
				CLANG_WARN_UNREACHABLE_CODE = YES;
				CLANG_WARN__DUPLICATE_METHOD_MATCH = YES;
				COPY_PHASE_STRIP = NO;
				DEBUG_INFORMATION_FORMAT = "dwarf-with-dsym";
				ENABLE_NS_ASSERTIONS = NO;
				ENABLE_STRICT_OBJC_MSGSEND = YES;
				GCC_C_LANGUAGE_STANDARD = gnu11;
				GCC_NO_COMMON_BLOCKS = YES;
				GCC_WARN_64_TO_32_BIT_CONVERSION = YES;
				GCC_WARN_ABOUT_RETURN_TYPE = YES_ERROR;
				GCC_WARN_UNDECLARED_SELECTOR = YES;
				GCC_WARN_UNINITIALIZED_AUTOS = YES_AGGRESSIVE;
				GCC_WARN_UNUSED_FUNCTION = YES;
				GCC_WARN_UNUSED_VARIABLE = YES;
				IPHONEOS_DEPLOYMENT_TARGET = 13.2;
				MTL_ENABLE_DEBUG_INFO = NO;
				MTL_FAST_MATH = YES;
				SDKROOT = iphoneos;
				SWIFT_COMPILATION_MODE = wholemodule;
				SWIFT_OPTIMIZATION_LEVEL = "-O";
				VALIDATE_PRODUCT = YES;
			};
			name = Release;
		};
		74905BD223FA77FA00706A9F /* Debug */ = {
			isa = XCBuildConfiguration;
			buildSettings = {
				ASSETCATALOG_COMPILER_APPICON_NAME = AppIcon;
				CODE_SIGN_STYLE = Automatic;
				INFOPLIST_FILE = "Round Button Class/Info.plist";
				LD_RUNPATH_SEARCH_PATHS = (
					"$(inherited)",
					"@executable_path/Frameworks",
				);
				PRODUCT_BUNDLE_IDENTIFIER = "-91104.Round-Button-Class";
				PRODUCT_NAME = "$(TARGET_NAME)";
				SWIFT_VERSION = 5.0;
				TARGETED_DEVICE_FAMILY = "1,2";
			};
			name = Debug;
		};
		74905BD323FA77FA00706A9F /* Release */ = {
			isa = XCBuildConfiguration;
			buildSettings = {
				ASSETCATALOG_COMPILER_APPICON_NAME = AppIcon;
				CODE_SIGN_STYLE = Automatic;
				INFOPLIST_FILE = "Round Button Class/Info.plist";
				LD_RUNPATH_SEARCH_PATHS = (
					"$(inherited)",
					"@executable_path/Frameworks",
				);
				PRODUCT_BUNDLE_IDENTIFIER = "-91104.Round-Button-Class";
				PRODUCT_NAME = "$(TARGET_NAME)";
				SWIFT_VERSION = 5.0;
				TARGETED_DEVICE_FAMILY = "1,2";
			};
			name = Release;
		};
/* End XCBuildConfiguration section */

/* Begin XCConfigurationList section */
		74905BB823FA77F700706A9F /* Build configuration list for PBXProject "Round Button Class" */ = {
			isa = XCConfigurationList;
			buildConfigurations = (
				74905BCF23FA77FA00706A9F /* Debug */,
				74905BD023FA77FA00706A9F /* Release */,
			);
			defaultConfigurationIsVisible = 0;
			defaultConfigurationName = Release;
		};
		74905BD123FA77FA00706A9F /* Build configuration list for PBXNativeTarget "Round Button Class" */ = {
			isa = XCConfigurationList;
			buildConfigurations = (
				74905BD223FA77FA00706A9F /* Debug */,
				74905BD323FA77FA00706A9F /* Release */,
			);
			defaultConfigurationIsVisible = 0;
			defaultConfigurationName = Release;
		};
/* End XCConfigurationList section */
	};
	rootObject = 74905BB523FA77F700706A9F /* Project object */;
}
